
Microsoft Visual Studio Solution File, Format Version 12.00
# Visual Studio 15
VisualStudioVersion = 15.0.26403.7
MinimumVisualStudioVersion = 10.0.40219.1
Project("{FAE04EC0-301F-11D3-BF4B-00C04F79EFBC}") = "Aurorawr", "Aurorawr\Aurorawr.csproj", "{0A9F0120-9771-4032-B6B2-44407CCC39DB}"
EndProject
Project("{FAE04EC0-301F-11D3-BF4B-00C04F79EFBC}") = "Net.Things.NanoLeaf", "Net.Things.NanoLeaf\Net.Things.NanoLeaf.csproj", "{F3D5FB66-B1A6-46E6-A453-43EFB84EC029}"
EndProject
Project("{FAE04EC0-301F-11D3-BF4B-00C04F79EFBC}") = "Tests", "Tests\Tests.csproj", "{49F074AD-AAFC-4A1C-AF5E-9F4F2029A94A}"
EndProject
Global
	GlobalSection(SolutionConfigurationPlatforms) = preSolution
		Debug|Any CPU = Debug|Any CPU
		Release|Any CPU = Release|Any CPU
	EndGlobalSection
	GlobalSection(ProjectConfigurationPlatforms) = postSolution
		{0A9F0120-9771-4032-B6B2-44407CCC39DB}.Debug|Any CPU.ActiveCfg = Debug|Any CPU
		{0A9F0120-9771-4032-B6B2-44407CCC39DB}.Debug|Any CPU.Build.0 = Debug|Any CPU
		{0A9F0120-9771-4032-B6B2-44407CCC39DB}.Release|Any CPU.ActiveCfg = Release|Any CPU
		{0A9F0120-9771-4032-B6B2-44407CCC39DB}.Release|Any CPU.Build.0 = Release|Any CPU
		{F3D5FB66-B1A6-46E6-A453-43EFB84EC029}.Debug|Any CPU.ActiveCfg = Debug|Any CPU
		{F3D5FB66-B1A6-46E6-A453-43EFB84EC029}.Debug|Any CPU.Build.0 = Debug|Any CPU
		{F3D5FB66-B1A6-46E6-A453-43EFB84EC029}.Release|Any CPU.ActiveCfg = Release|Any CPU
		{F3D5FB66-B1A6-46E6-A453-43EFB84EC029}.Release|Any CPU.Build.0 = Release|Any CPU
		{49F074AD-AAFC-4A1C-AF5E-9F4F2029A94A}.Debug|Any CPU.ActiveCfg = Debug|Any CPU
		{49F074AD-AAFC-4A1C-AF5E-9F4F2029A94A}.Debug|Any CPU.Build.0 = Debug|Any CPU
		{49F074AD-AAFC-4A1C-AF5E-9F4F2029A94A}.Release|Any CPU.ActiveCfg = Release|Any CPU
		{49F074AD-AAFC-4A1C-AF5E-9F4F2029A94A}.Release|Any CPU.Build.0 = Release|Any CPU
	EndGlobalSection
	GlobalSection(SolutionProperties) = preSolution
		HideSolutionNode = FALSE
	EndGlobalSection
EndGlobal
